
Microsoft Visual Studio Solution File, Format Version 12.00
# Visual Studio Version 17
VisualStudioVersion = 17.5.002.0
MinimumVisualStudioVersion = 10.0.40219.1
Project("{9A19103F-16F7-4668-BE54-9A1E7A4F7556}") = "Infrastructure", "Infrastructure.csproj", "{1ADD41FE-314C-4271-BDD2-3E143F9A45D8}"
EndProject
Project("{FAE04EC0-301F-11D3-BF4B-00C04F79EFBC}") = "Metadata", "..\Metadata\Metadata.csproj", "{38EA25D7-EA7A-4AF8-A8F4-F9A71F52867D}"
EndProject
Global
	GlobalSection(SolutionConfigurationPlatforms) = preSolution
		Debug|Any CPU = Debug|Any CPU
		Release|Any CPU = Release|Any CPU
	EndGlobalSection
	GlobalSection(ProjectConfigurationPlatforms) = postSolution
		{1ADD41FE-314C-4271-BDD2-3E143F9A45D8}.Debug|Any CPU.ActiveCfg = Debug|Any CPU
		{1ADD41FE-314C-4271-BDD2-3E143F9A45D8}.Debug|Any CPU.Build.0 = Debug|Any CPU
		{1ADD41FE-314C-4271-BDD2-3E143F9A45D8}.Release|Any CPU.ActiveCfg = Release|Any CPU
		{1ADD41FE-314C-4271-BDD2-3E143F9A45D8}.Release|Any CPU.Build.0 = Release|Any CPU
		{38EA25D7-EA7A-4AF8-A8F4-F9A71F52867D}.Debug|Any CPU.ActiveCfg = Debug|Any CPU
		{38EA25D7-EA7A-4AF8-A8F4-F9A71F52867D}.Debug|Any CPU.Build.0 = Debug|Any CPU
		{38EA25D7-EA7A-4AF8-A8F4-F9A71F52867D}.Release|Any CPU.ActiveCfg = Release|Any CPU
		{38EA25D7-EA7A-4AF8-A8F4-F9A71F52867D}.Release|Any CPU.Build.0 = Release|Any CPU
	EndGlobalSection
	GlobalSection(SolutionProperties) = preSolution
		HideSolutionNode = FALSE
	EndGlobalSection
	GlobalSection(ExtensibilityGlobals) = postSolution
		SolutionGuid = {E92A5DD2-BE9C-41C1-8440-96F5F448A0BF}
	EndGlobalSection
EndGlobal
